
Microsoft Visual Studio Solution File, Format Version 12.00
# Visual Studio Version 16
VisualStudioVersion = 16.0.29411.108
MinimumVisualStudioVersion = 10.0.40219.1
Project("{FAE04EC0-301F-11D3-BF4B-00C04F79EFBC}") = "SingnalrTest", "SingnalrTest\SingnalrTest.csproj", "{7D9F9C3F-CE99-4911-A713-E18F0E52D1DE}"
EndProject
Global
	GlobalSection(SolutionConfigurationPlatforms) = preSolution
		Debug|Any CPU = Debug|Any CPU
		Release|Any CPU = Release|Any CPU
	EndGlobalSection
	GlobalSection(ProjectConfigurationPlatforms) = postSolution
		{7D9F9C3F-CE99-4911-A713-E18F0E52D1DE}.Debug|Any CPU.ActiveCfg = Debug|Any CPU
		{7D9F9C3F-CE99-4911-A713-E18F0E52D1DE}.Debug|Any CPU.Build.0 = Debug|Any CPU
		{7D9F9C3F-CE99-4911-A713-E18F0E52D1DE}.Release|Any CPU.ActiveCfg = Release|Any CPU
		{7D9F9C3F-CE99-4911-A713-E18F0E52D1DE}.Release|Any CPU.Build.0 = Release|Any CPU
	EndGlobalSection
	GlobalSection(SolutionProperties) = preSolution
		HideSolutionNode = FALSE
	EndGlobalSection
	GlobalSection(ExtensibilityGlobals) = postSolution
		SolutionGuid = {19D92B51-0B3D-4F8F-B9F2-A72B7AE5224E}
	EndGlobalSection
EndGlobal
